
Microsoft Visual Studio Solution File, Format Version 12.00
# Visual Studio Version 17
VisualStudioVersion = 17.12.35514.174
MinimumVisualStudioVersion = 10.0.40219.1
Project("{FAE04EC0-301F-11D3-BF4B-00C04F79EFBC}") = "Portfolio.ToDo.GRPC", "Portfolio.ToDo.GRPC\Portfolio.ToDo.GRPC.csproj", "{7553F412-961E-4CD1-B711-3997D6881065}"
EndProject
Project("{FAE04EC0-301F-11D3-BF4B-00C04F79EFBC}") = "Portfolio.ToDo.AppHost", "Portfolio.ToDo.AppHost\Portfolio.ToDo.AppHost.csproj", "{81AA380B-E3F0-4CEC-84AF-6AD7071729A1}"
EndProject
Project("{FAE04EC0-301F-11D3-BF4B-00C04F79EFBC}") = "Portfolio.ToDo.ServiceDefaults", "Portfolio.ToDo.ServiceDefaults\Portfolio.ToDo.ServiceDefaults.csproj", "{D5EC8BCA-C208-46BE-BD81-88EBCEEFA20D}"
EndProject
Project("{FAE04EC0-301F-11D3-BF4B-00C04F79EFBC}") = "Portfolio.ToDo.ToDoList", "Portfolio.ToDo.ToDoList\Portfolio.ToDo.ToDoList.csproj", "{D10EA74C-5491-4941-8715-486A27F5D52C}"
EndProject
Project("{FAE04EC0-301F-11D3-BF4B-00C04F79EFBC}") = "Portfolio.ToDo.GRPC.UnitTest", "Portfolio.ToDo.GRPC.UnitTest\Portfolio.ToDo.GRPC.UnitTest.csproj", "{CDBAEDC1-73E8-4850-8ABA-207D82DDE43B}"
EndProject
Project("{FAE04EC0-301F-11D3-BF4B-00C04F79EFBC}") = "Portfolio.ToDo.Web", "Portfolio.ToDo.Web\Portfolio.ToDo.Web.csproj", "{34B696F5-3ACB-409B-9097-D6852989F429}"
EndProject
Project("{FAE04EC0-301F-11D3-BF4B-00C04F79EFBC}") = "Portfolio.ToDo.Web.UnitTest", "Portfolio.ToDo.Web.UnitTest\Portfolio.ToDo.Web.UnitTest.csproj", "{CA890362-3BEE-4B79-AF5B-F23A447F219A}"
EndProject
Global
	GlobalSection(SolutionConfigurationPlatforms) = preSolution
		Debug|Any CPU = Debug|Any CPU
		Release|Any CPU = Release|Any CPU
	EndGlobalSection
	GlobalSection(ProjectConfigurationPlatforms) = postSolution
		{7553F412-961E-4CD1-B711-3997D6881065}.Debug|Any CPU.ActiveCfg = Debug|Any CPU
		{7553F412-961E-4CD1-B711-3997D6881065}.Debug|Any CPU.Build.0 = Debug|Any CPU
		{7553F412-961E-4CD1-B711-3997D6881065}.Release|Any CPU.ActiveCfg = Release|Any CPU
		{7553F412-961E-4CD1-B711-3997D6881065}.Release|Any CPU.Build.0 = Release|Any CPU
		{81AA380B-E3F0-4CEC-84AF-6AD7071729A1}.Debug|Any CPU.ActiveCfg = Debug|Any CPU
		{81AA380B-E3F0-4CEC-84AF-6AD7071729A1}.Debug|Any CPU.Build.0 = Debug|Any CPU
		{81AA380B-E3F0-4CEC-84AF-6AD7071729A1}.Release|Any CPU.ActiveCfg = Release|Any CPU
		{81AA380B-E3F0-4CEC-84AF-6AD7071729A1}.Release|Any CPU.Build.0 = Release|Any CPU
		{D5EC8BCA-C208-46BE-BD81-88EBCEEFA20D}.Debug|Any CPU.ActiveCfg = Debug|Any CPU
		{D5EC8BCA-C208-46BE-BD81-88EBCEEFA20D}.Debug|Any CPU.Build.0 = Debug|Any CPU
		{D5EC8BCA-C208-46BE-BD81-88EBCEEFA20D}.Release|Any CPU.ActiveCfg = Release|Any CPU
		{D5EC8BCA-C208-46BE-BD81-88EBCEEFA20D}.Release|Any CPU.Build.0 = Release|Any CPU
		{D10EA74C-5491-4941-8715-486A27F5D52C}.Debug|Any CPU.ActiveCfg = Debug|Any CPU
		{D10EA74C-5491-4941-8715-486A27F5D52C}.Debug|Any CPU.Build.0 = Debug|Any CPU
		{D10EA74C-5491-4941-8715-486A27F5D52C}.Release|Any CPU.ActiveCfg = Release|Any CPU
		{D10EA74C-5491-4941-8715-486A27F5D52C}.Release|Any CPU.Build.0 = Release|Any CPU
		{CDBAEDC1-73E8-4850-8ABA-207D82DDE43B}.Debug|Any CPU.ActiveCfg = Debug|Any CPU
		{CDBAEDC1-73E8-4850-8ABA-207D82DDE43B}.Debug|Any CPU.Build.0 = Debug|Any CPU
		{CDBAEDC1-73E8-4850-8ABA-207D82DDE43B}.Release|Any CPU.ActiveCfg = Release|Any CPU
		{CDBAEDC1-73E8-4850-8ABA-207D82DDE43B}.Release|Any CPU.Build.0 = Release|Any CPU
		{34B696F5-3ACB-409B-9097-D6852989F429}.Debug|Any CPU.ActiveCfg = Debug|Any CPU
		{34B696F5-3ACB-409B-9097-D6852989F429}.Debug|Any CPU.Build.0 = Debug|Any CPU
		{34B696F5-3ACB-409B-9097-D6852989F429}.Release|Any CPU.ActiveCfg = Release|Any CPU
		{34B696F5-3ACB-409B-9097-D6852989F429}.Release|Any CPU.Build.0 = Release|Any CPU
		{CA890362-3BEE-4B79-AF5B-F23A447F219A}.Debug|Any CPU.ActiveCfg = Debug|Any CPU
		{CA890362-3BEE-4B79-AF5B-F23A447F219A}.Debug|Any CPU.Build.0 = Debug|Any CPU
		{CA890362-3BEE-4B79-AF5B-F23A447F219A}.Release|Any CPU.ActiveCfg = Release|Any CPU
		{CA890362-3BEE-4B79-AF5B-F23A447F219A}.Release|Any CPU.Build.0 = Release|Any CPU
	EndGlobalSection
	GlobalSection(SolutionProperties) = preSolution
		HideSolutionNode = FALSE
	EndGlobalSection
EndGlobal
